
Microsoft Visual Studio Solution File, Format Version 12.00
# Visual Studio Version 17
VisualStudioVersion = 17.7.34221.43
MinimumVisualStudioVersion = 10.0.40219.1
Project("{9A19103F-16F7-4668-BE54-9A1E7A4F7556}") = "homeWork_basic", "homeWork_basic\homeWork_basic.csproj", "{FD2B8579-9360-40C9-8A9A-BD2F00FA29DD}"
EndProject
Global
	GlobalSection(SolutionConfigurationPlatforms) = preSolution
		Debug|Any CPU = Debug|Any CPU
		Release|Any CPU = Release|Any CPU
	EndGlobalSection
	GlobalSection(ProjectConfigurationPlatforms) = postSolution
		{FD2B8579-9360-40C9-8A9A-BD2F00FA29DD}.Debug|Any CPU.ActiveCfg = Debug|Any CPU
		{FD2B8579-9360-40C9-8A9A-BD2F00FA29DD}.Debug|Any CPU.Build.0 = Debug|Any CPU
		{FD2B8579-9360-40C9-8A9A-BD2F00FA29DD}.Release|Any CPU.ActiveCfg = Release|Any CPU
		{FD2B8579-9360-40C9-8A9A-BD2F00FA29DD}.Release|Any CPU.Build.0 = Release|Any CPU
	EndGlobalSection
	GlobalSection(SolutionProperties) = preSolution
		HideSolutionNode = FALSE
	EndGlobalSection
	GlobalSection(ExtensibilityGlobals) = postSolution
		SolutionGuid = {C4B515BC-9810-44F6-8AED-9C7D5B5BF69E}
	EndGlobalSection
EndGlobal
